{
  "name": "config",
  "version": "1.0.0",
  "lockfileVersion": 2,
  "requires": true,
  "packages": {
    "": {
      "version": "1.0.0",
      "license": "GPL-3.0",
      "dependencies": {
        "sys": "github:SKYCRATE-ltd/sys"
      }
    },
    "node_modules/sys": {
      "version": "1.0.0",
      "resolved": "git+ssh://git@github.com/SKYCRATE-ltd/sys.git#9a0f7922d1067e06fc291d3a2da73e8a2ba98ae1",
      "license": "GPL-3.0"
    }
  },
  "dependencies": {
    "sys": {
      "version": "git+ssh://git@github.com/SKYCRATE-ltd/sys.git#9a0f7922d1067e06fc291d3a2da73e8a2ba98ae1",
      "from": "sys@github:SKYCRATE-ltd/sys"
    }
  }
}
