{
  "name": "config",
  "version": "1.0.0",
  "lockfileVersion": 2,
  "requires": true,
  "packages": {
    "": {
      "version": "1.0.0",
      "license": "GPL-3.0",
      "dependencies": {
        "sys": "github:SKYCRATE-ltd/sys",
        "zed": "github:SKYCRATE-ltd/zed"
      }
    },
    "node_modules/crux": {
      "version": "1.0.0",
      "resolved": "git+ssh://git@github.com/SKYCRATE-ltd/crux.git#a21cba4c4a830cbc1266c4fdc3abffe60012e161",
      "license": "GPL-3.0"
    },
    "node_modules/sys": {
      "version": "1.0.0",
      "resolved": "git+ssh://git@github.com/SKYCRATE-ltd/sys.git#9a0f7922d1067e06fc291d3a2da73e8a2ba98ae1",
      "license": "GPL-3.0"
    },
    "node_modules/zed": {
      "version": "1.0.0",
      "resolved": "git+ssh://git@github.com/SKYCRATE-ltd/zed.git#e1fd96db3e9c01c1f8d697057f39d012753aef06",
      "license": "GPL-3.0",
      "dependencies": {
        "crux": "github:SKYCRATE-ltd/crux"
      }
    }
  },
  "dependencies": {
    "crux": {
      "version": "git+ssh://git@github.com/SKYCRATE-ltd/crux.git#a21cba4c4a830cbc1266c4fdc3abffe60012e161",
      "from": "crux@github:SKYCRATE-ltd/crux"
    },
    "sys": {
      "version": "git+ssh://git@github.com/SKYCRATE-ltd/sys.git#9a0f7922d1067e06fc291d3a2da73e8a2ba98ae1",
      "from": "sys@github:SKYCRATE-ltd/sys"
    },
    "zed": {
      "version": "git+ssh://git@github.com/SKYCRATE-ltd/zed.git#e1fd96db3e9c01c1f8d697057f39d012753aef06",
      "from": "zed@github:SKYCRATE-ltd/zed",
      "requires": {
        "crux": "github:SKYCRATE-ltd/crux"
      }
    }
  }
}
